PODS:
  - Flutter (1.0.0)
  - flutter_compass_v2 (0.0.1):
    - Flutter
  - flutter_qiblah (0.0.1):
    - Flutter
  - geolocator_apple (1.2.0):
    - Flutter

DEPENDENCIES:
  - Flutter (from `Flutter`)
  - flutter_compass_v2 (from `.symlinks/plugins/flutter_compass_v2/ios`)
  - flutter_qiblah (from `.symlinks/plugins/flutter_qiblah/ios`)
  - geolocator_apple (from `.symlinks/plugins/geolocator_apple/ios`)

EXTERNAL SOURCES:
  Flutter:
    :path: Flutter
  flutter_compass_v2:
    :path: ".symlinks/plugins/flutter_compass_v2/ios"
  flutter_qiblah:
    :path: ".symlinks/plugins/flutter_qiblah/ios"
  geolocator_apple:
    :path: ".symlinks/plugins/geolocator_apple/ios"

SPEC CHECKSUMS:
  Flutter: e0871f40cf51350855a761d2e70bf5af5b9b5de7
  flutter_compass_v2: f7704b078814b705e76ae2bd48fe48ae6cd067df
  flutter_qiblah: f69eeb708d127a2634073ab1f27771c979928f50
  geolocator_apple: 6cbaf322953988e009e5ecb481f07efece75c450

PODFILE CHECKSUM: 1959d098c91d8a792531a723c4a9d7e9f6a01e38

COCOAPODS: 1.15.2
